
Microsoft Visual Studio Solution File, Format Version 12.00
# Visual Studio 15
VisualStudioVersion = 15.0.28307.572
MinimumVisualStudioVersion = 10.0.40219.1
Project("{FAE04EC0-301F-11D3-BF4B-00C04F79EFBC}") = "FRSS", "FRSS\FRSS.csproj", "{7901F4B1-F308-458B-89C9-F30BC03050D3}"
EndProject
Project("{FAE04EC0-301F-11D3-BF4B-00C04F79EFBC}") = "Business", "Business\Business.csproj", "{805197F3-818A-4157-8D16-5DAA1E251690}"
EndProject
Global
	GlobalSection(SolutionConfigurationPlatforms) = preSolution
		Debug|Any CPU = Debug|Any CPU
		Release|Any CPU = Release|Any CPU
	EndGlobalSection
	GlobalSection(ProjectConfigurationPlatforms) = postSolution
		{7901F4B1-F308-458B-89C9-F30BC03050D3}.Debug|Any CPU.ActiveCfg = Debug|Any CPU
		{7901F4B1-F308-458B-89C9-F30BC03050D3}.Debug|Any CPU.Build.0 = Debug|Any CPU
		{7901F4B1-F308-458B-89C9-F30BC03050D3}.Release|Any CPU.ActiveCfg = Release|Any CPU
		{7901F4B1-F308-458B-89C9-F30BC03050D3}.Release|Any CPU.Build.0 = Release|Any CPU
		{805197F3-818A-4157-8D16-5DAA1E251690}.Debug|Any CPU.ActiveCfg = Debug|Any CPU
		{805197F3-818A-4157-8D16-5DAA1E251690}.Debug|Any CPU.Build.0 = Debug|Any CPU
		{805197F3-818A-4157-8D16-5DAA1E251690}.Release|Any CPU.ActiveCfg = Release|Any CPU
		{805197F3-818A-4157-8D16-5DAA1E251690}.Release|Any CPU.Build.0 = Release|Any CPU
	EndGlobalSection
	GlobalSection(SolutionProperties) = preSolution
		HideSolutionNode = FALSE
	EndGlobalSection
	GlobalSection(ExtensibilityGlobals) = postSolution
		SolutionGuid = {0D29424C-F164-4813-8BDA-1DF5EDDD0A1B}
	EndGlobalSection
EndGlobal
